// !$*UTF8*$!
{
	archiveVersion = 1;
	classes = {
	};
	objectVersion = 56;
	objects = {

/* Begin PBXBuildFile section */
		840D81442B5CE1B20009F288 /* Constants.swift in Sources */ = {isa = PBXBuildFile; fileRef = 840D81432B5CE1B20009F288 /* Constants.swift */; };
		840D81472B5CE6C00009F288 /* NewsResource.swift in Sources */ = {isa = PBXBuildFile; fileRef = 840D81462B5CE6C00009F288 /* NewsResource.swift */; };
		84BA136B2B5C45FF0021CEA8 /* HttpUtility.swift in Sources */ = {isa = PBXBuildFile; fileRef = 84BA136A2B5C45FF0021CEA8 /* HttpUtility.swift */; };
		84BA136E2B5C4AC00021CEA8 /* NTErrorManager.swift in Sources */ = {isa = PBXBuildFile; fileRef = 84BA136D2B5C4AC00021CEA8 /* NTErrorManager.swift */; };
		84E7B5B02B5BE5550048CA60 /* NewsTekApp.swift in Sources */ = {isa = PBXBuildFile; fileRef = 84E7B5AF2B5BE5550048CA60 /* NewsTekApp.swift */; };
		84E7B5B22B5BE5550048CA60 /* ContentView.swift in Sources */ = {isa = PBXBuildFile; fileRef = 84E7B5B12B5BE5550048CA60 /* ContentView.swift */; };
		84E7B5B42B5BE5560048CA60 /* Assets.xcassets in Resources */ = {isa = PBXBuildFile; fileRef = 84E7B5B32B5BE5560048CA60 /* Assets.xcassets */; };
		84E7B5B72B5BE5560048CA60 /* Preview Assets.xcassets in Resources */ = {isa = PBXBuildFile; fileRef = 84E7B5B62B5BE5560048CA60 /* Preview Assets.xcassets */; };
		84E7B5C12B5BE5560048CA60 /* NewsTekTests.swift in Sources */ = {isa = PBXBuildFile; fileRef = 84E7B5C02B5BE5560048CA60 /* NewsTekTests.swift */; };
		84E7B5CB2B5BE5560048CA60 /* NewsTekUITests.swift in Sources */ = {isa = PBXBuildFile; fileRef = 84E7B5CA2B5BE5560048CA60 /* NewsTekUITests.swift */; };
		84E7B5CD2B5BE5560048CA60 /* NewsTekUITestsLaunchTests.swift in Sources */ = {isa = PBXBuildFile; fileRef = 84E7B5CC2B5BE5560048CA60 /* NewsTekUITestsLaunchTests.swift */; };
		84E7B5DA2B5BE5870048CA60 /* HomeView.swift in Sources */ = {isa = PBXBuildFile; fileRef = 84E7B5D92B5BE5870048CA60 /* HomeView.swift */; };
		84E7B5DD2B5BE64D0048CA60 /* SearchView.swift in Sources */ = {isa = PBXBuildFile; fileRef = 84E7B5DC2B5BE64D0048CA60 /* SearchView.swift */; };
		84E7B5E02B5BE9D80048CA60 /* News.swift in Sources */ = {isa = PBXBuildFile; fileRef = 84E7B5DF2B5BE9D80048CA60 /* News.swift */; };
		84E7B5E32B5BEA680048CA60 /* HomeViewModel.swift in Sources */ = {isa = PBXBuildFile; fileRef = 84E7B5E22B5BEA680048CA60 /* HomeViewModel.swift */; };
		84E7B5E52B5BEE810048CA60 /* NewsRow.swift in Sources */ = {isa = PBXBuildFile; fileRef = 84E7B5E42B5BEE810048CA60 /* NewsRow.swift */; };
		84E7B5E72B5C0F3E0048CA60 /* NewsDetails.swift in Sources */ = {isa = PBXBuildFile; fileRef = 84E7B5E62B5C0F3E0048CA60 /* NewsDetails.swift */; };
/* End PBXBuildFile section */

/* Begin PBXContainerItemProxy section */
		84E7B5BD2B5BE5560048CA60 /* PBXContainerItemProxy */ = {
			isa = PBXContainerItemProxy;
			containerPortal = 84E7B5A42B5BE5550048CA60 /* Project object */;
			proxyType = 1;
			remoteGlobalIDString = 84E7B5AB2B5BE5550048CA60;
			remoteInfo = NewsTek;
		};
		84E7B5C72B5BE5560048CA60 /* PBXContainerItemProxy */ = {
			isa = PBXContainerItemProxy;
			containerPortal = 84E7B5A42B5BE5550048CA60 /* Project object */;
			proxyType = 1;
			remoteGlobalIDString = 84E7B5AB2B5BE5550048CA60;
			remoteInfo = NewsTek;
		};
/* End PBXContainerItemProxy section */

/* Begin PBXFileReference section */
		840D81432B5CE1B20009F288 /* Constants.swift */ = {isa = PBXFileReference; lastKnownFileType = sourcecode.swift; path = Constants.swift; sourceTree = "<group>"; };
		840D81462B5CE6C00009F288 /* NewsResource.swift */ = {isa = PBXFileReference; lastKnownFileType = sourcecode.swift; path = NewsResource.swift; sourceTree = "<group>"; };
		84BA136A2B5C45FF0021CEA8 /* HttpUtility.swift */ = {isa = PBXFileReference; lastKnownFileType = sourcecode.swift; path = HttpUtility.swift; sourceTree = "<group>"; };
		84BA136D2B5C4AC00021CEA8 /* NTErrorManager.swift */ = {isa = PBXFileReference; lastKnownFileType = sourcecode.swift; path = NTErrorManager.swift; sourceTree = "<group>"; };
		84E7B5AC2B5BE5550048CA60 /* NewsTek.app */ = {isa = PBXFileReference; explicitFileType = wrapper.application; includeInIndex = 0; path = NewsTek.app; sourceTree = BUILT_PRODUCTS_DIR; };
		84E7B5AF2B5BE5550048CA60 /* NewsTekApp.swift */ = {isa = PBXFileReference; lastKnownFileType = sourcecode.swift; path = NewsTekApp.swift; sourceTree = "<group>"; };
		84E7B5B12B5BE5550048CA60 /* ContentView.swift */ = {isa = PBXFileReference; lastKnownFileType = sourcecode.swift; path = ContentView.swift; sourceTree = "<group>"; };
		84E7B5B32B5BE5560048CA60 /* Assets.xcassets */ = {isa = PBXFileReference; lastKnownFileType = folder.assetcatalog; path = Assets.xcassets; sourceTree = "<group>"; };
		84E7B5B62B5BE5560048CA60 /* Preview Assets.xcassets */ = {isa = PBXFileReference; lastKnownFileType = folder.assetcatalog; path = "Preview Assets.xcassets"; sourceTree = "<group>"; };
		84E7B5BC2B5BE5560048CA60 /* NewsTekTests.xctest */ = {isa = PBXFileReference; explicitFileType = wrapper.cfbundle; includeInIndex = 0; path = NewsTekTests.xctest; sourceTree = BUILT_PRODUCTS_DIR; };
		84E7B5C02B5BE5560048CA60 /* NewsTekTests.swift */ = {isa = PBXFileReference; lastKnownFileType = sourcecode.swift; path = NewsTekTests.swift; sourceTree = "<group>"; };
		84E7B5C62B5BE5560048CA60 /* NewsTekUITests.xctest */ = {isa = PBXFileReference; explicitFileType = wrapper.cfbundle; includeInIndex = 0; path = NewsTekUITests.xctest; sourceTree = BUILT_PRODUCTS_DIR; };
		84E7B5CA2B5BE5560048CA60 /* NewsTekUITests.swift */ = {isa = PBXFileReference; lastKnownFileType = sourcecode.swift; path = NewsTekUITests.swift; sourceTree = "<group>"; };
		84E7B5CC2B5BE5560048CA60 /* NewsTekUITestsLaunchTests.swift */ = {isa = PBXFileReference; lastKnownFileType = sourcecode.swift; path = NewsTekUITestsLaunchTests.swift; sourceTree = "<group>"; };
		84E7B5D92B5BE5870048CA60 /* HomeView.swift */ = {isa = PBXFileReference; lastKnownFileType = sourcecode.swift; path = HomeView.swift; sourceTree = "<group>"; };
		84E7B5DC2B5BE64D0048CA60 /* SearchView.swift */ = {isa = PBXFileReference; lastKnownFileType = sourcecode.swift; path = SearchView.swift; sourceTree = "<group>"; };
		84E7B5DF2B5BE9D80048CA60 /* News.swift */ = {isa = PBXFileReference; lastKnownFileType = sourcecode.swift; path = News.swift; sourceTree = "<group>"; };
		84E7B5E22B5BEA680048CA60 /* HomeViewModel.swift */ = {isa = PBXFileReference; lastKnownFileType = sourcecode.swift; path = HomeViewModel.swift; sourceTree = "<group>"; };
		84E7B5E42B5BEE810048CA60 /* NewsRow.swift */ = {isa = PBXFileReference; lastKnownFileType = sourcecode.swift; path = NewsRow.swift; sourceTree = "<group>"; };
		84E7B5E62B5C0F3E0048CA60 /* NewsDetails.swift */ = {isa = PBXFileReference; lastKnownFileType = sourcecode.swift; path = NewsDetails.swift; sourceTree = "<group>"; };
/* End PBXFileReference section */

/* Begin PBXFrameworksBuildPhase section */
		84E7B5A92B5BE5550048CA60 /* Frameworks */ = {
			isa = PBXFrameworksBuildPhase;
			buildActionMask = 2147483647;
			files = (
			);
			runOnlyForDeploymentPostprocessing = 0;
		};
		84E7B5B92B5BE5560048CA60 /* Frameworks */ = {
			isa = PBXFrameworksBuildPhase;
			buildActionMask = 2147483647;
			files = (
			);
			runOnlyForDeploymentPostprocessing = 0;
		};
		84E7B5C32B5BE5560048CA60 /* Frameworks */ = {
			isa = PBXFrameworksBuildPhase;
			buildActionMask = 2147483647;
			files = (
			);
			runOnlyForDeploymentPostprocessing = 0;
		};
/* End PBXFrameworksBuildPhase section */

/* Begin PBXGroup section */
		840D81452B5CE68B0009F288 /* NetworkResources */ = {
			isa = PBXGroup;
			children = (
				840D81462B5CE6C00009F288 /* NewsResource.swift */,
			);
			path = NetworkResources;
			sourceTree = "<group>";
		};
		84BA13692B5C45EB0021CEA8 /* Services */ = {
			isa = PBXGroup;
			children = (
				84BA136A2B5C45FF0021CEA8 /* HttpUtility.swift */,
			);
			path = Services;
			sourceTree = "<group>";
		};
		84BA136C2B5C4AA60021CEA8 /* Utilities */ = {
			isa = PBXGroup;
			children = (
				84BA136D2B5C4AC00021CEA8 /* NTErrorManager.swift */,
				840D81432B5CE1B20009F288 /* Constants.swift */,
			);
			path = Utilities;
			sourceTree = "<group>";
		};
		84E7B5A32B5BE5550048CA60 = {
			isa = PBXGroup;
			children = (
				84E7B5AE2B5BE5550048CA60 /* NewsTek */,
				84E7B5BF2B5BE5560048CA60 /* NewsTekTests */,
				84E7B5C92B5BE5560048CA60 /* NewsTekUITests */,
				84E7B5AD2B5BE5550048CA60 /* Products */,
			);
			sourceTree = "<group>";
		};
		84E7B5AD2B5BE5550048CA60 /* Products */ = {
			isa = PBXGroup;
			children = (
				84E7B5AC2B5BE5550048CA60 /* NewsTek.app */,
				84E7B5BC2B5BE5560048CA60 /* NewsTekTests.xctest */,
				84E7B5C62B5BE5560048CA60 /* NewsTekUITests.xctest */,
			);
			name = Products;
			sourceTree = "<group>";
		};
		84E7B5AE2B5BE5550048CA60 /* NewsTek */ = {
			isa = PBXGroup;
			children = (
				840D81452B5CE68B0009F288 /* NetworkResources */,
				84BA136C2B5C4AA60021CEA8 /* Utilities */,
				84BA13692B5C45EB0021CEA8 /* Services */,
				84E7B5E12B5BEA360048CA60 /* ViewModel */,
				84E7B5DE2B5BE9C70048CA60 /* Models */,
				84E7B5DB2B5BE58B0048CA60 /* Views */,
				84E7B5AF2B5BE5550048CA60 /* NewsTekApp.swift */,
				84E7B5B12B5BE5550048CA60 /* ContentView.swift */,
				84E7B5B32B5BE5560048CA60 /* Assets.xcassets */,
				84E7B5B52B5BE5560048CA60 /* Preview Content */,
			);
			path = NewsTek;
			sourceTree = "<group>";
		};
		84E7B5B52B5BE5560048CA60 /* Preview Content */ = {
			isa = PBXGroup;
			children = (
				84E7B5B62B5BE5560048CA60 /* Preview Assets.xcassets */,
			);
			path = "Preview Content";
			sourceTree = "<group>";
		};
		84E7B5BF2B5BE5560048CA60 /* NewsTekTests */ = {
			isa = PBXGroup;
			children = (
				84E7B5C02B5BE5560048CA60 /* NewsTekTests.swift */,
			);
			path = NewsTekTests;
			sourceTree = "<group>";
		};
		84E7B5C92B5BE5560048CA60 /* NewsTekUITests */ = {
			isa = PBXGroup;
			children = (
				84E7B5CA2B5BE5560048CA60 /* NewsTekUITests.swift */,
				84E7B5CC2B5BE5560048CA60 /* NewsTekUITestsLaunchTests.swift */,
			);
			path = NewsTekUITests;
			sourceTree = "<group>";
		};
		84E7B5DB2B5BE58B0048CA60 /* Views */ = {
			isa = PBXGroup;
			children = (
				84E7B5D92B5BE5870048CA60 /* HomeView.swift */,
				84E7B5DC2B5BE64D0048CA60 /* SearchView.swift */,
				84E7B5E42B5BEE810048CA60 /* NewsRow.swift */,
				84E7B5E62B5C0F3E0048CA60 /* NewsDetails.swift */,
			);
			path = Views;
			sourceTree = "<group>";
		};
		84E7B5DE2B5BE9C70048CA60 /* Models */ = {
			isa = PBXGroup;
			children = (
				84E7B5DF2B5BE9D80048CA60 /* News.swift */,
			);
			path = Models;
			sourceTree = "<group>";
		};
		84E7B5E12B5BEA360048CA60 /* ViewModel */ = {
			isa = PBXGroup;
			children = (
				84E7B5E22B5BEA680048CA60 /* HomeViewModel.swift */,
			);
			path = ViewModel;
			sourceTree = "<group>";
		};
/* End PBXGroup section */

/* Begin PBXNativeTarget section */
		84E7B5AB2B5BE5550048CA60 /* NewsTek */ = {
			isa = PBXNativeTarget;
			buildConfigurationList = 84E7B5D02B5BE5570048CA60 /* Build configuration list for PBXNativeTarget "NewsTek" */;
			buildPhases = (
				84E7B5A82B5BE5550048CA60 /* Sources */,
				84E7B5A92B5BE5550048CA60 /* Frameworks */,
				84E7B5AA2B5BE5550048CA60 /* Resources */,
			);
			buildRules = (
			);
			dependencies = (
			);
			name = NewsTek;
			productName = NewsTek;
			productReference = 84E7B5AC2B5BE5550048CA60 /* NewsTek.app */;
			productType = "com.apple.product-type.application";
		};
		84E7B5BB2B5BE5560048CA60 /* NewsTekTests */ = {
			isa = PBXNativeTarget;
			buildConfigurationList = 84E7B5D32B5BE5570048CA60 /* Build configuration list for PBXNativeTarget "NewsTekTests" */;
			buildPhases = (
				84E7B5B82B5BE5560048CA60 /* Sources */,
				84E7B5B92B5BE5560048CA60 /* Frameworks */,
				84E7B5BA2B5BE5560048CA60 /* Resources */,
			);
			buildRules = (
			);
			dependencies = (
				84E7B5BE2B5BE5560048CA60 /* PBXTargetDependency */,
			);
			name = NewsTekTests;
			productName = NewsTekTests;
			productReference = 84E7B5BC2B5BE5560048CA60 /* NewsTekTests.xctest */;
			productType = "com.apple.product-type.bundle.unit-test";
		};
		84E7B5C52B5BE5560048CA60 /* NewsTekUITests */ = {
			isa = PBXNativeTarget;
			buildConfigurationList = 84E7B5D62B5BE5570048CA60 /* Build configuration list for PBXNativeTarget "NewsTekUITests" */;
			buildPhases = (
				84E7B5C22B5BE5560048CA60 /* Sources */,
				84E7B5C32B5BE5560048CA60 /* Frameworks */,
				84E7B5C42B5BE5560048CA60 /* Resources */,
			);
			buildRules = (
			);
			dependencies = (
				84E7B5C82B5BE5560048CA60 /* PBXTargetDependency */,
			);
			name = NewsTekUITests;
			productName = NewsTekUITests;
			productReference = 84E7B5C62B5BE5560048CA60 /* NewsTekUITests.xctest */;
			productType = "com.apple.product-type.bundle.ui-testing";
		};
/* End PBXNativeTarget section */

/* Begin PBXProject section */
		84E7B5A42B5BE5550048CA60 /* Project object */ = {
			isa = PBXProject;
			attributes = {
				BuildIndependentTargetsInParallel = 1;
				LastSwiftUpdateCheck = 1500;
				LastUpgradeCheck = 1500;
				TargetAttributes = {
					84E7B5AB2B5BE5550048CA60 = {
						CreatedOnToolsVersion = 15.0.1;
					};
					84E7B5BB2B5BE5560048CA60 = {
						CreatedOnToolsVersion = 15.0.1;
						TestTargetID = 84E7B5AB2B5BE5550048CA60;
					};
					84E7B5C52B5BE5560048CA60 = {
						CreatedOnToolsVersion = 15.0.1;
						TestTargetID = 84E7B5AB2B5BE5550048CA60;
					};
				};
			};
			buildConfigurationList = 84E7B5A72B5BE5550048CA60 /* Build configuration list for PBXProject "NewsTek" */;
			compatibilityVersion = "Xcode 14.0";
			developmentRegion = en;
			hasScannedForEncodings = 0;
			knownRegions = (
				en,
				Base,
			);
			mainGroup = 84E7B5A32B5BE5550048CA60;
			productRefGroup = 84E7B5AD2B5BE5550048CA60 /* Products */;
			projectDirPath = "";
			projectRoot = "";
			targets = (
				84E7B5AB2B5BE5550048CA60 /* NewsTek */,
				84E7B5BB2B5BE5560048CA60 /* NewsTekTests */,
				84E7B5C52B5BE5560048CA60 /* NewsTekUITests */,
			);
		};
/* End PBXProject section */

/* Begin PBXResourcesBuildPhase section */
		84E7B5AA2B5BE5550048CA60 /* Resources */ = {
			isa = PBXResourcesBuildPhase;
			buildActionMask = 2147483647;
			files = (
				84E7B5B72B5BE5560048CA60 /* Preview Assets.xcassets in Resources */,
				84E7B5B42B5BE5560048CA60 /* Assets.xcassets in Resources */,
			);
			runOnlyForDeploymentPostprocessing = 0;
		};
		84E7B5BA2B5BE5560048CA60 /* Resources */ = {
			isa = PBXResourcesBuildPhase;
			buildActionMask = 2147483647;
			files = (
			);
			runOnlyForDeploymentPostprocessing = 0;
		};
		84E7B5C42B5BE5560048CA60 /* Resources */ = {
			isa = PBXResourcesBuildPhase;
			buildActionMask = 2147483647;
			files = (
			);
			runOnlyForDeploymentPostprocessing = 0;
		};
/* End PBXResourcesBuildPhase section */

/* Begin PBXSourcesBuildPhase section */
		84E7B5A82B5BE5550048CA60 /* Sources */ = {
			isa = PBXSourcesBuildPhase;
			buildActionMask = 2147483647;
			files = (
				84E7B5DD2B5BE64D0048CA60 /* SearchView.swift in Sources */,
				840D81442B5CE1B20009F288 /* Constants.swift in Sources */,
				84E7B5E32B5BEA680048CA60 /* HomeViewModel.swift in Sources */,
				84E7B5DA2B5BE5870048CA60 /* HomeView.swift in Sources */,
				84BA136B2B5C45FF0021CEA8 /* HttpUtility.swift in Sources */,
				84BA136E2B5C4AC00021CEA8 /* NTErrorManager.swift in Sources */,
				84E7B5B22B5BE5550048CA60 /* ContentView.swift in Sources */,
				84E7B5B02B5BE5550048CA60 /* NewsTekApp.swift in Sources */,
				84E7B5E52B5BEE810048CA60 /* NewsRow.swift in Sources */,
				84E7B5E02B5BE9D80048CA60 /* News.swift in Sources */,
				840D81472B5CE6C00009F288 /* NewsResource.swift in Sources */,
				84E7B5E72B5C0F3E0048CA60 /* NewsDetails.swift in Sources */,
			);
			runOnlyForDeploymentPostprocessing = 0;
		};
		84E7B5B82B5BE5560048CA60 /* Sources */ = {
			isa = PBXSourcesBuildPhase;
			buildActionMask = 2147483647;
			files = (
				84E7B5C12B5BE5560048CA60 /* NewsTekTests.swift in Sources */,
			);
			runOnlyForDeploymentPostprocessing = 0;
		};
		84E7B5C22B5BE5560048CA60 /* Sources */ = {
			isa = PBXSourcesBuildPhase;
			buildActionMask = 2147483647;
			files = (
				84E7B5CD2B5BE5560048CA60 /* NewsTekUITestsLaunchTests.swift in Sources */,
				84E7B5CB2B5BE5560048CA60 /* NewsTekUITests.swift in Sources */,
			);
			runOnlyForDeploymentPostprocessing = 0;
		};
/* End PBXSourcesBuildPhase section */

/* Begin PBXTargetDependency section */
		84E7B5BE2B5BE5560048CA60 /* PBXTargetDependency */ = {
			isa = PBXTargetDependency;
			target = 84E7B5AB2B5BE5550048CA60 /* NewsTek */;
			targetProxy = 84E7B5BD2B5BE5560048CA60 /* PBXContainerItemProxy */;
		};
		84E7B5C82B5BE5560048CA60 /* PBXTargetDependency */ = {
			isa = PBXTargetDependency;
			target = 84E7B5AB2B5BE5550048CA60 /* NewsTek */;
			targetProxy = 84E7B5C72B5BE5560048CA60 /* PBXContainerItemProxy */;
		};
/* End PBXTargetDependency section */

/* Begin XCBuildConfiguration section */
		84E7B5CE2B5BE5560048CA60 /* Debug */ = {
			isa = XCBuildConfiguration;
			buildSettings = {
				ALWAYS_SEARCH_USER_PATHS = NO;
				ASSETCATALOG_COMPILER_GENERATE_SWIFT_ASSET_SYMBOL_EXTENSIONS = YES;
				CLANG_ANALYZER_NONNULL = YES;
				CLANG_ANALYZER_NUMBER_OBJECT_CONVERSION = YES_AGGRESSIVE;
				CLANG_CXX_LANGUAGE_STANDARD = "gnu++20";
				CLANG_ENABLE_MODULES = YES;
				CLANG_ENABLE_OBJC_ARC = YES;
				CLANG_ENABLE_OBJC_WEAK = YES;
				CLANG_WARN_BLOCK_CAPTURE_AUTORELEASING = YES;
				CLANG_WARN_BOOL_CONVERSION = YES;
				CLANG_WARN_COMMA = YES;
				CLANG_WARN_CONSTANT_CONVERSION = YES;
				CLANG_WARN_DEPRECATED_OBJC_IMPLEMENTATIONS = YES;
				CLANG_WARN_DIRECT_OBJC_ISA_USAGE = YES_ERROR;
				CLANG_WARN_DOCUMENTATION_COMMENTS = YES;
				CLANG_WARN_EMPTY_BODY = YES;
				CLANG_WARN_ENUM_CONVERSION = YES;
				CLANG_WARN_INFINITE_RECURSION = YES;
				CLANG_WARN_INT_CONVERSION = YES;
				CLANG_WARN_NON_LITERAL_NULL_CONVERSION = YES;
				CLANG_WARN_OBJC_IMPLICIT_RETAIN_SELF = YES;
				CLANG_WARN_OBJC_LITERAL_CONVERSION = YES;
				CLANG_WARN_OBJC_ROOT_CLASS = YES_ERROR;
				CLANG_WARN_QUOTED_INCLUDE_IN_FRAMEWORK_HEADER = YES;
				CLANG_WARN_RANGE_LOOP_ANALYSIS = YES;
				CLANG_WARN_STRICT_PROTOTYPES = YES;
				CLANG_WARN_SUSPICIOUS_MOVE = YES;
				CLANG_WARN_UNGUARDED_AVAILABILITY = YES_AGGRESSIVE;
				CLANG_WARN_UNREACHABLE_CODE = YES;
				CLANG_WARN__DUPLICATE_METHOD_MATCH = YES;
				COPY_PHASE_STRIP = NO;
				DEBUG_INFORMATION_FORMAT = dwarf;
				ENABLE_STRICT_OBJC_MSGSEND = YES;
				ENABLE_TESTABILITY = YES;
				ENABLE_USER_SCRIPT_SANDBOXING = YES;
				GCC_C_LANGUAGE_STANDARD = gnu17;
				GCC_DYNAMIC_NO_PIC = NO;
				GCC_NO_COMMON_BLOCKS = YES;
				GCC_OPTIMIZATION_LEVEL = 0;
				GCC_PREPROCESSOR_DEFINITIONS = (
					"DEBUG=1",
					"$(inherited)",
				);
				GCC_WARN_64_TO_32_BIT_CONVERSION = YES;
				GCC_WARN_ABOUT_RETURN_TYPE = YES_ERROR;
				GCC_WARN_UNDECLARED_SELECTOR = YES;
				GCC_WARN_UNINITIALIZED_AUTOS = YES_AGGRESSIVE;
				GCC_WARN_UNUSED_FUNCTION = YES;
				GCC_WARN_UNUSED_VARIABLE = YES;
				IPHONEOS_DEPLOYMENT_TARGET = 17.0;
				LOCALIZATION_PREFERS_STRING_CATALOGS = YES;
				MTL_ENABLE_DEBUG_INFO = INCLUDE_SOURCE;
				MTL_FAST_MATH = YES;
				ONLY_ACTIVE_ARCH = YES;
				SDKROOT = iphoneos;
				SWIFT_ACTIVE_COMPILATION_CONDITIONS = "DEBUG $(inherited)";
				SWIFT_OPTIMIZATION_LEVEL = "-Onone";
			};
			name = Debug;
		};
		84E7B5CF2B5BE5560048CA60 /* Release */ = {
			isa = XCBuildConfiguration;
			buildSettings = {
				ALWAYS_SEARCH_USER_PATHS = NO;
				ASSETCATALOG_COMPILER_GENERATE_SWIFT_ASSET_SYMBOL_EXTENSIONS = YES;
				CLANG_ANALYZER_NONNULL = YES;
				CLANG_ANALYZER_NUMBER_OBJECT_CONVERSION = YES_AGGRESSIVE;
				CLANG_CXX_LANGUAGE_STANDARD = "gnu++20";
				CLANG_ENABLE_MODULES = YES;
				CLANG_ENABLE_OBJC_ARC = YES;
				CLANG_ENABLE_OBJC_WEAK = YES;
				CLANG_WARN_BLOCK_CAPTURE_AUTORELEASING = YES;
				CLANG_WARN_BOOL_CONVERSION = YES;
				CLANG_WARN_COMMA = YES;
				CLANG_WARN_CONSTANT_CONVERSION = YES;
				CLANG_WARN_DEPRECATED_OBJC_IMPLEMENTATIONS = YES;
				CLANG_WARN_DIRECT_OBJC_ISA_USAGE = YES_ERROR;
				CLANG_WARN_DOCUMENTATION_COMMENTS = YES;
				CLANG_WARN_EMPTY_BODY = YES;
				CLANG_WARN_ENUM_CONVERSION = YES;
				CLANG_WARN_INFINITE_RECURSION = YES;
				CLANG_WARN_INT_CONVERSION = YES;
				CLANG_WARN_NON_LITERAL_NULL_CONVERSION = YES;
				CLANG_WARN_OBJC_IMPLICIT_RETAIN_SELF = YES;
				CLANG_WARN_OBJC_LITERAL_CONVERSION = YES;
				CLANG_WARN_OBJC_ROOT_CLASS = YES_ERROR;
				CLANG_WARN_QUOTED_INCLUDE_IN_FRAMEWORK_HEADER = YES;
				CLANG_WARN_RANGE_LOOP_ANALYSIS = YES;
				CLANG_WARN_STRICT_PROTOTYPES = YES;
				CLANG_WARN_SUSPICIOUS_MOVE = YES;
				CLANG_WARN_UNGUARDED_AVAILABILITY = YES_AGGRESSIVE;
				CLANG_WARN_UNREACHABLE_CODE = YES;
				CLANG_WARN__DUPLICATE_METHOD_MATCH = YES;
				COPY_PHASE_STRIP = NO;
				DEBUG_INFORMATION_FORMAT = "dwarf-with-dsym";
				ENABLE_NS_ASSERTIONS = NO;
				ENABLE_STRICT_OBJC_MSGSEND = YES;
				ENABLE_USER_SCRIPT_SANDBOXING = YES;
				GCC_C_LANGUAGE_STANDARD = gnu17;
				GCC_NO_COMMON_BLOCKS = YES;
				GCC_WARN_64_TO_32_BIT_CONVERSION = YES;
				GCC_WARN_ABOUT_RETURN_TYPE = YES_ERROR;
				GCC_WARN_UNDECLARED_SELECTOR = YES;
				GCC_WARN_UNINITIALIZED_AUTOS = YES_AGGRESSIVE;
				GCC_WARN_UNUSED_FUNCTION = YES;
				GCC_WARN_UNUSED_VARIABLE = YES;
				IPHONEOS_DEPLOYMENT_TARGET = 17.0;
				LOCALIZATION_PREFERS_STRING_CATALOGS = YES;
				MTL_ENABLE_DEBUG_INFO = NO;
				MTL_FAST_MATH = YES;
				SDKROOT = iphoneos;
				SWIFT_COMPILATION_MODE = wholemodule;
				VALIDATE_PRODUCT = YES;
			};
			name = Release;
		};
		84E7B5D12B5BE5570048CA60 /* Debug */ = {
			isa = XCBuildConfiguration;
			buildSettings = {
				ASSETCATALOG_COMPILER_APPICON_NAME = AppIcon;
				ASSETCATALOG_COMPILER_GLOBAL_ACCENT_COLOR_NAME = AccentColor;
				CODE_SIGN_STYLE = Automatic;
				CURRENT_PROJECT_VERSION = 1;
				DEVELOPMENT_ASSET_PATHS = "\"NewsTek/Preview Content\"";
				DEVELOPMENT_TEAM = G857DJXR55;
				ENABLE_PREVIEWS = YES;
				GENERATE_INFOPLIST_FILE = YES;
				INFOPLIST_KEY_UIApplicationSceneManifest_Generation = YES;
				INFOPLIST_KEY_UIApplicationSupportsIndirectInputEvents = YES;
				INFOPLIST_KEY_UILaunchScreen_Generation = YES;
				INFOPLIST_KEY_UISupportedInterfaceOrientations_iPad = "UIInterfaceOrientationPortrait UIInterfaceOrientationPortraitUpsideDown UIInterfaceOrientationLandscapeLeft UIInterfaceOrientationLandscapeRight";
				INFOPLIST_KEY_UISupportedInterfaceOrientations_iPhone = "UIInterfaceOrientationPortrait UIInterfaceOrientationLandscapeLeft UIInterfaceOrientationLandscapeRight";
				LD_RUNPATH_SEARCH_PATHS = (
					"$(inherited)",
					"@executable_path/Frameworks",
				);
				MARKETING_VERSION = 1.0;
				PRODUCT_BUNDLE_IDENTIFIER = com.SSW.NewsTek;
				PRODUCT_NAME = "$(TARGET_NAME)";
				SWIFT_EMIT_LOC_STRINGS = YES;
				SWIFT_VERSION = 5.0;
				TARGETED_DEVICE_FAMILY = "1,2";
			};
			name = Debug;
		};
		84E7B5D22B5BE5570048CA60 /* Release */ = {
			isa = XCBuildConfiguration;
			buildSettings = {
				ASSETCATALOG_COMPILER_APPICON_NAME = AppIcon;
				ASSETCATALOG_COMPILER_GLOBAL_ACCENT_COLOR_NAME = AccentColor;
				CODE_SIGN_STYLE = Automatic;
				CURRENT_PROJECT_VERSION = 1;
				DEVELOPMENT_ASSET_PATHS = "\"NewsTek/Preview Content\"";
				DEVELOPMENT_TEAM = G857DJXR55;
				ENABLE_PREVIEWS = YES;
				GENERATE_INFOPLIST_FILE = YES;
				INFOPLIST_KEY_UIApplicationSceneManifest_Generation = YES;
				INFOPLIST_KEY_UIApplicationSupportsIndirectInputEvents = YES;
				INFOPLIST_KEY_UILaunchScreen_Generation = YES;
				INFOPLIST_KEY_UISupportedInterfaceOrientations_iPad = "UIInterfaceOrientationPortrait UIInterfaceOrientationPortraitUpsideDown UIInterfaceOrientationLandscapeLeft UIInterfaceOrientationLandscapeRight";
				INFOPLIST_KEY_UISupportedInterfaceOrientations_iPhone = "UIInterfaceOrientationPortrait UIInterfaceOrientationLandscapeLeft UIInterfaceOrientationLandscapeRight";
				LD_RUNPATH_SEARCH_PATHS = (
					"$(inherited)",
					"@executable_path/Frameworks",
				);
				MARKETING_VERSION = 1.0;
				PRODUCT_BUNDLE_IDENTIFIER = com.SSW.NewsTek;
				PRODUCT_NAME = "$(TARGET_NAME)";
				SWIFT_EMIT_LOC_STRINGS = YES;
				SWIFT_VERSION = 5.0;
				TARGETED_DEVICE_FAMILY = "1,2";
			};
			name = Release;
		};
		84E7B5D42B5BE5570048CA60 /* Debug */ = {
			isa = XCBuildConfiguration;
			buildSettings = {
				ALWAYS_EMBED_SWIFT_STANDARD_LIBRARIES = YES;
				BUNDLE_LOADER = "$(TEST_HOST)";
				CODE_SIGN_STYLE = Automatic;
				CURRENT_PROJECT_VERSION = 1;
				DEVELOPMENT_TEAM = G857DJXR55;
				GENERATE_INFOPLIST_FILE = YES;
				IPHONEOS_DEPLOYMENT_TARGET = 17.0;
				MARKETING_VERSION = 1.0;
				PRODUCT_BUNDLE_IDENTIFIER = com.SSW.NewsTekTests;
				PRODUCT_NAME = "$(TARGET_NAME)";
				SWIFT_EMIT_LOC_STRINGS = NO;
				SWIFT_VERSION = 5.0;
				TARGETED_DEVICE_FAMILY = "1,2";
				TEST_HOST = "$(BUILT_PRODUCTS_DIR)/NewsTek.app/$(BUNDLE_EXECUTABLE_FOLDER_PATH)/NewsTek";
			};
			name = Debug;
		};
		84E7B5D52B5BE5570048CA60 /* Release */ = {
			isa = XCBuildConfiguration;
			buildSettings = {
				ALWAYS_EMBED_SWIFT_STANDARD_LIBRARIES = YES;
				BUNDLE_LOADER = "$(TEST_HOST)";
				CODE_SIGN_STYLE = Automatic;
				CURRENT_PROJECT_VERSION = 1;
				DEVELOPMENT_TEAM = G857DJXR55;
				GENERATE_INFOPLIST_FILE = YES;
				IPHONEOS_DEPLOYMENT_TARGET = 17.0;
				MARKETING_VERSION = 1.0;
				PRODUCT_BUNDLE_IDENTIFIER = com.SSW.NewsTekTests;
				PRODUCT_NAME = "$(TARGET_NAME)";
				SWIFT_EMIT_LOC_STRINGS = NO;
				SWIFT_VERSION = 5.0;
				TARGETED_DEVICE_FAMILY = "1,2";
				TEST_HOST = "$(BUILT_PRODUCTS_DIR)/NewsTek.app/$(BUNDLE_EXECUTABLE_FOLDER_PATH)/NewsTek";
			};
			name = Release;
		};
		84E7B5D72B5BE5570048CA60 /* Debug */ = {
			isa = XCBuildConfiguration;
			buildSettings = {
				ALWAYS_EMBED_SWIFT_STANDARD_LIBRARIES = YES;
				CODE_SIGN_STYLE = Automatic;
				CURRENT_PROJECT_VERSION = 1;
				DEVELOPMENT_TEAM = G857DJXR55;
				GENERATE_INFOPLIST_FILE = YES;
				MARKETING_VERSION = 1.0;
				PRODUCT_BUNDLE_IDENTIFIER = com.SSW.NewsTekUITests;
				PRODUCT_NAME = "$(TARGET_NAME)";
				SWIFT_EMIT_LOC_STRINGS = NO;
				SWIFT_VERSION = 5.0;
				TARGETED_DEVICE_FAMILY = "1,2";
				TEST_TARGET_NAME = NewsTek;
			};
			name = Debug;
		};
		84E7B5D82B5BE5570048CA60 /* Release */ = {
			isa = XCBuildConfiguration;
			buildSettings = {
				ALWAYS_EMBED_SWIFT_STANDARD_LIBRARIES = YES;
				CODE_SIGN_STYLE = Automatic;
				CURRENT_PROJECT_VERSION = 1;
				DEVELOPMENT_TEAM = G857DJXR55;
				GENERATE_INFOPLIST_FILE = YES;
				MARKETING_VERSION = 1.0;
				PRODUCT_BUNDLE_IDENTIFIER = com.SSW.NewsTekUITests;
				PRODUCT_NAME = "$(TARGET_NAME)";
				SWIFT_EMIT_LOC_STRINGS = NO;
				SWIFT_VERSION = 5.0;
				TARGETED_DEVICE_FAMILY = "1,2";
				TEST_TARGET_NAME = NewsTek;
			};
			name = Release;
		};
/* End XCBuildConfiguration section */

/* Begin XCConfigurationList section */
		84E7B5A72B5BE5550048CA60 /* Build configuration list for PBXProject "NewsTek" */ = {
			isa = XCConfigurationList;
			buildConfigurations = (
				84E7B5CE2B5BE5560048CA60 /* Debug */,
				84E7B5CF2B5BE5560048CA60 /* Release */,
			);
			defaultConfigurationIsVisible = 0;
			defaultConfigurationName = Release;
		};
		84E7B5D02B5BE5570048CA60 /* Build configuration list for PBXNativeTarget "NewsTek" */ = {
			isa = XCConfigurationList;
			buildConfigurations = (
				84E7B5D12B5BE5570048CA60 /* Debug */,
				84E7B5D22B5BE5570048CA60 /* Release */,
			);
			defaultConfigurationIsVisible = 0;
			defaultConfigurationName = Release;
		};
		84E7B5D32B5BE5570048CA60 /* Build configuration list for PBXNativeTarget "NewsTekTests" */ = {
			isa = XCConfigurationList;
			buildConfigurations = (
				84E7B5D42B5BE5570048CA60 /* Debug */,
				84E7B5D52B5BE5570048CA60 /* Release */,
			);
			defaultConfigurationIsVisible = 0;
			defaultConfigurationName = Release;
		};
		84E7B5D62B5BE5570048CA60 /* Build configuration list for PBXNativeTarget "NewsTekUITests" */ = {
			isa = XCConfigurationList;
			buildConfigurations = (
				84E7B5D72B5BE5570048CA60 /* Debug */,
				84E7B5D82B5BE5570048CA60 /* Release */,
			);
			defaultConfigurationIsVisible = 0;
			defaultConfigurationName = Release;
		};
/* End XCConfigurationList section */
	};
	rootObject = 84E7B5A42B5BE5550048CA60 /* Project object */;
}
